
Microsoft Visual Studio Solution File, Format Version 12.00
# Visual Studio 15
VisualStudioVersion = 15.0.27703.2026
MinimumVisualStudioVersion = 10.0.40219.1
Project("{FAE04EC0-301F-11D3-BF4B-00C04F79EFBC}") = "MyFirstBlazor.Server", "MyFirstBlazor.Server\MyFirstBlazor.Server.csproj", "{FD06B0D3-1757-48A3-9CDD-45265F51C5BB}"
EndProject
Project("{FAE04EC0-301F-11D3-BF4B-00C04F79EFBC}") = "MyFirstBlazor.Client", "MyFirstBlazor.Client\MyFirstBlazor.Client.csproj", "{EB118224-5A62-42D0-92C5-E7CED0F2F8E7}"
EndProject
Project("{FAE04EC0-301F-11D3-BF4B-00C04F79EFBC}") = "MyFirstBlazor.Shared", "MyFirstBlazor.Shared\MyFirstBlazor.Shared.csproj", "{781155E2-DEBE-4D9D-93A1-6658437F0FD5}"
EndProject
Global
	GlobalSection(SolutionConfigurationPlatforms) = preSolution
		Debug|Any CPU = Debug|Any CPU
		Release|Any CPU = Release|Any CPU
	EndGlobalSection
	GlobalSection(ProjectConfigurationPlatforms) = postSolution
		{FD06B0D3-1757-48A3-9CDD-45265F51C5BB}.Debug|Any CPU.ActiveCfg = Debug|Any CPU
		{FD06B0D3-1757-48A3-9CDD-45265F51C5BB}.Debug|Any CPU.Build.0 = Debug|Any CPU
		{FD06B0D3-1757-48A3-9CDD-45265F51C5BB}.Release|Any CPU.ActiveCfg = Release|Any CPU
		{FD06B0D3-1757-48A3-9CDD-45265F51C5BB}.Release|Any CPU.Build.0 = Release|Any CPU
		{EB118224-5A62-42D0-92C5-E7CED0F2F8E7}.Debug|Any CPU.ActiveCfg = Debug|Any CPU
		{EB118224-5A62-42D0-92C5-E7CED0F2F8E7}.Debug|Any CPU.Build.0 = Debug|Any CPU
		{EB118224-5A62-42D0-92C5-E7CED0F2F8E7}.Release|Any CPU.ActiveCfg = Release|Any CPU
		{EB118224-5A62-42D0-92C5-E7CED0F2F8E7}.Release|Any CPU.Build.0 = Release|Any CPU
		{781155E2-DEBE-4D9D-93A1-6658437F0FD5}.Debug|Any CPU.ActiveCfg = Debug|Any CPU
		{781155E2-DEBE-4D9D-93A1-6658437F0FD5}.Debug|Any CPU.Build.0 = Debug|Any CPU
		{781155E2-DEBE-4D9D-93A1-6658437F0FD5}.Release|Any CPU.ActiveCfg = Release|Any CPU
		{781155E2-DEBE-4D9D-93A1-6658437F0FD5}.Release|Any CPU.Build.0 = Release|Any CPU
	EndGlobalSection
	GlobalSection(SolutionProperties) = preSolution
		HideSolutionNode = FALSE
	EndGlobalSection
	GlobalSection(ExtensibilityGlobals) = postSolution
		SolutionGuid = {254444AA-6A05-4483-B34A-DBB5F70B9D85}
	EndGlobalSection
EndGlobal
